
Microsoft Visual Studio Solution File, Format Version 12.00
# Visual Studio 14
VisualStudioVersion = 14.0.25420.1
MinimumVisualStudioVersion = 10.0.40219.1
Project("{8BB2217D-0F2D-49D1-97BC-3654ED321F3B}") = "Letmein.Tests", "src\Letmein.Tests\Letmein.Tests.xproj", "{3045E037-77C7-41F5-AE3D-9C75B6E5B9BB}"
EndProject
Project("{2150E333-8FDC-42A3-9474-1A3956D46DE8}") = "tests", "tests", "{EACAE701-8D98-4583-ACE7-99571C8008B7}"
EndProject
Project("{8BB2217D-0F2D-49D1-97BC-3654ED321F3B}") = "Letmein.Core", "src\Letmein.Core\Letmein.Core.xproj", "{A1D9E8D3-2EC8-4088-999D-4BFEFACE6590}"
EndProject
Project("{8BB2217D-0F2D-49D1-97BC-3654ED321F3B}") = "Letmein.Web", "src\Letmein.Web\Letmein.Web.xproj", "{27417D4F-DB2A-4FFC-B8D1-144390D53753}"
EndProject
Global
	GlobalSection(SolutionConfigurationPlatforms) = preSolution
		Debug|Any CPU = Debug|Any CPU
		Release|Any CPU = Release|Any CPU
	EndGlobalSection
	GlobalSection(ProjectConfigurationPlatforms) = postSolution
		{3045E037-77C7-41F5-AE3D-9C75B6E5B9BB}.Debug|Any CPU.ActiveCfg = Debug|Any CPU
		{3045E037-77C7-41F5-AE3D-9C75B6E5B9BB}.Debug|Any CPU.Build.0 = Debug|Any CPU
		{3045E037-77C7-41F5-AE3D-9C75B6E5B9BB}.Release|Any CPU.ActiveCfg = Release|Any CPU
		{3045E037-77C7-41F5-AE3D-9C75B6E5B9BB}.Release|Any CPU.Build.0 = Release|Any CPU
		{A1D9E8D3-2EC8-4088-999D-4BFEFACE6590}.Debug|Any CPU.ActiveCfg = Debug|Any CPU
		{A1D9E8D3-2EC8-4088-999D-4BFEFACE6590}.Debug|Any CPU.Build.0 = Debug|Any CPU
		{A1D9E8D3-2EC8-4088-999D-4BFEFACE6590}.Release|Any CPU.ActiveCfg = Release|Any CPU
		{A1D9E8D3-2EC8-4088-999D-4BFEFACE6590}.Release|Any CPU.Build.0 = Release|Any CPU
		{27417D4F-DB2A-4FFC-B8D1-144390D53753}.Debug|Any CPU.ActiveCfg = Debug|Any CPU
		{27417D4F-DB2A-4FFC-B8D1-144390D53753}.Debug|Any CPU.Build.0 = Debug|Any CPU
		{27417D4F-DB2A-4FFC-B8D1-144390D53753}.Release|Any CPU.ActiveCfg = Release|Any CPU
		{27417D4F-DB2A-4FFC-B8D1-144390D53753}.Release|Any CPU.Build.0 = Release|Any CPU
	EndGlobalSection
	GlobalSection(SolutionProperties) = preSolution
		HideSolutionNode = FALSE
	EndGlobalSection
	GlobalSection(NestedProjects) = preSolution
		{3045E037-77C7-41F5-AE3D-9C75B6E5B9BB} = {EACAE701-8D98-4583-ACE7-99571C8008B7}
	EndGlobalSection
EndGlobal
